
Microsoft Visual Studio Solution File, Format Version 12.00
# Visual Studio Version 17
VisualStudioVersion = 17.6.33712.159
MinimumVisualStudioVersion = 10.0.40219.1
Project("{FAE04EC0-301F-11D3-BF4B-00C04F79EFBC}") = "GPA CALCULATOR", "GPA CALCULATOR\GPA CALCULATOR.csproj", "{7D5216B6-DD15-471A-8545-F0C8B4FC5BAC}"
EndProject
Global
	GlobalSection(SolutionConfigurationPlatforms) = preSolution
		Debug|Any CPU = Debug|Any CPU
		Release|Any CPU = Release|Any CPU
	EndGlobalSection
	GlobalSection(ProjectConfigurationPlatforms) = postSolution
		{7D5216B6-DD15-471A-8545-F0C8B4FC5BAC}.Debug|Any CPU.ActiveCfg = Debug|Any CPU
		{7D5216B6-DD15-471A-8545-F0C8B4FC5BAC}.Debug|Any CPU.Build.0 = Debug|Any CPU
		{7D5216B6-DD15-471A-8545-F0C8B4FC5BAC}.Release|Any CPU.ActiveCfg = Release|Any CPU
		{7D5216B6-DD15-471A-8545-F0C8B4FC5BAC}.Release|Any CPU.Build.0 = Release|Any CPU
	EndGlobalSection
	GlobalSection(SolutionProperties) = preSolution
		HideSolutionNode = FALSE
	EndGlobalSection
	GlobalSection(ExtensibilityGlobals) = postSolution
		SolutionGuid = {DA893922-910F-4D1F-9A88-FBAA98EDBE41}
	EndGlobalSection
EndGlobal
